// !$*UTF8*$!
{
	archiveVersion = 1;
	classes = {
	};
	objectVersion = 56;
	objects = {

/* Begin PBXBuildFile section */
		7615324129B63B7E008E6CDA /* hikeData.json in Resources */ = {isa = PBXBuildFile; fileRef = 7615324029B63B7E008E6CDA /* hikeData.json */; };
		7615324329B63B9B008E6CDA /* Hike.swift in Sources */ = {isa = PBXBuildFile; fileRef = 7615324229B63B9B008E6CDA /* Hike.swift */; };
		7615324929B63C0F008E6CDA /* GraphCapsule.swift in Sources */ = {isa = PBXBuildFile; fileRef = 7615324529B63C0F008E6CDA /* GraphCapsule.swift */; };
		7615324A29B63C0F008E6CDA /* HikeGraph.swift in Sources */ = {isa = PBXBuildFile; fileRef = 7615324629B63C0F008E6CDA /* HikeGraph.swift */; };
		7615324B29B63C0F008E6CDA /* HikeDetail.swift in Sources */ = {isa = PBXBuildFile; fileRef = 7615324729B63C0F008E6CDA /* HikeDetail.swift */; };
		7615324C29B63C0F008E6CDA /* HikeView.swift in Sources */ = {isa = PBXBuildFile; fileRef = 7615324829B63C0F008E6CDA /* HikeView.swift */; };
		7615324F29B64225008E6CDA /* CategoryHome.swift in Sources */ = {isa = PBXBuildFile; fileRef = 7615324E29B64225008E6CDA /* CategoryHome.swift */; };
		7615325129B64321008E6CDA /* CategoryRow.swift in Sources */ = {isa = PBXBuildFile; fileRef = 7615325029B64321008E6CDA /* CategoryRow.swift */; };
		76325CE329B5EA4100E20FA5 /* LandmarkRow.swift in Sources */ = {isa = PBXBuildFile; fileRef = 76325CE229B5EA4100E20FA5 /* LandmarkRow.swift */; };
		7654C9C029B6445E00F64E45 /* CategoryItem.swift in Sources */ = {isa = PBXBuildFile; fileRef = 7654C9BF29B6445E00F64E45 /* CategoryItem.swift */; };
		7654C9C229B6492F00F64E45 /* Profile.swift in Sources */ = {isa = PBXBuildFile; fileRef = 7654C9C129B6492F00F64E45 /* Profile.swift */; };
		7654C9C429B6494600F64E45 /* ProfileHost.swift in Sources */ = {isa = PBXBuildFile; fileRef = 7654C9C329B6494600F64E45 /* ProfileHost.swift */; };
		7654C9C629B6497200F64E45 /* ProfileSummary.swift in Sources */ = {isa = PBXBuildFile; fileRef = 7654C9C529B6497200F64E45 /* ProfileSummary.swift */; };
		7654C9C829B649C700F64E45 /* HikeBadge.swift in Sources */ = {isa = PBXBuildFile; fileRef = 7654C9C729B649C700F64E45 /* HikeBadge.swift */; };
		7654C9CA29B64B5000F64E45 /* ProfileEditor.swift in Sources */ = {isa = PBXBuildFile; fileRef = 7654C9C929B64B5000F64E45 /* ProfileEditor.swift */; };
		765FC5D129B625DF001B3F3B /* FavoriteButton.swift in Sources */ = {isa = PBXBuildFile; fileRef = 765FC5D029B625DF001B3F3B /* FavoriteButton.swift */; };
		765FC5D629B636C2001B3F3B /* HexagonParameters.swift in Sources */ = {isa = PBXBuildFile; fileRef = 765FC5D529B636C2001B3F3B /* HexagonParameters.swift */; };
		765FC5DA29B63747001B3F3B /* BadgeBackground.swift in Sources */ = {isa = PBXBuildFile; fileRef = 765FC5D929B63747001B3F3B /* BadgeBackground.swift */; };
		765FC5DC29B638EE001B3F3B /* BadgeSymbol.swift in Sources */ = {isa = PBXBuildFile; fileRef = 765FC5DB29B638EE001B3F3B /* BadgeSymbol.swift */; };
		765FC5DE29B6394E001B3F3B /* RotatedBadgeSymbol.swift in Sources */ = {isa = PBXBuildFile; fileRef = 765FC5DD29B6394E001B3F3B /* RotatedBadgeSymbol.swift */; };
		765FC5E029B63A63001B3F3B /* Badge.swift in Sources */ = {isa = PBXBuildFile; fileRef = 765FC5DF29B63A63001B3F3B /* Badge.swift */; };
		767551D029B5E742005D4AEB /* landmarkData.json in Resources */ = {isa = PBXBuildFile; fileRef = 767551CF29B5E742005D4AEB /* landmarkData.json */; };
		767551D229B5E7B1005D4AEB /* Landmark.swift in Sources */ = {isa = PBXBuildFile; fileRef = 767551D129B5E7B1005D4AEB /* Landmark.swift */; };
		767551D429B5E920005D4AEB /* ModelData.swift in Sources */ = {isa = PBXBuildFile; fileRef = 767551D329B5E920005D4AEB /* ModelData.swift */; };
		76853B3929B479B3009428DA /* LandmarksApp.swift in Sources */ = {isa = PBXBuildFile; fileRef = 76853B3829B479B3009428DA /* LandmarksApp.swift */; };
		76853B3B29B479B3009428DA /* ContentView.swift in Sources */ = {isa = PBXBuildFile; fileRef = 76853B3A29B479B3009428DA /* ContentView.swift */; };
		76853B3D29B479B5009428DA /* Assets.xcassets in Resources */ = {isa = PBXBuildFile; fileRef = 76853B3C29B479B5009428DA /* Assets.xcassets */; };
		76853B4029B479B5009428DA /* Preview Assets.xcassets in Resources */ = {isa = PBXBuildFile; fileRef = 76853B3F29B479B5009428DA /* Preview Assets.xcassets */; };
		76853B4929B5E0F8009428DA /* CircleImage.swift in Sources */ = {isa = PBXBuildFile; fileRef = 76853B4829B5E0F8009428DA /* CircleImage.swift */; };
		76853B4B29B5E1D2009428DA /* MapView.swift in Sources */ = {isa = PBXBuildFile; fileRef = 76853B4A29B5E1D2009428DA /* MapView.swift */; };
		76E597E329B5F56100DF0873 /* LandmarkList.swift in Sources */ = {isa = PBXBuildFile; fileRef = 76E597E229B5F56100DF0873 /* LandmarkList.swift */; };
		76E597E529B5F5FF00DF0873 /* LandmarkDetail.swift in Sources */ = {isa = PBXBuildFile; fileRef = 76E597E429B5F5FF00DF0873 /* LandmarkDetail.swift */; };
/* End PBXBuildFile section */

/* Begin PBXFileReference section */
		7615324029B63B7E008E6CDA /* hikeData.json */ = {isa = PBXFileReference; fileEncoding = 4; lastKnownFileType = text.json; path = hikeData.json; sourceTree = "<group>"; };
		7615324229B63B9B008E6CDA /* Hike.swift */ = {isa = PBXFileReference; lastKnownFileType = sourcecode.swift; path = Hike.swift; sourceTree = "<group>"; };
		7615324529B63C0F008E6CDA /* GraphCapsule.swift */ = {isa = PBXFileReference; fileEncoding = 4; lastKnownFileType = sourcecode.swift; path = GraphCapsule.swift; sourceTree = "<group>"; };
		7615324629B63C0F008E6CDA /* HikeGraph.swift */ = {isa = PBXFileReference; fileEncoding = 4; lastKnownFileType = sourcecode.swift; path = HikeGraph.swift; sourceTree = "<group>"; };
		7615324729B63C0F008E6CDA /* HikeDetail.swift */ = {isa = PBXFileReference; fileEncoding = 4; lastKnownFileType = sourcecode.swift; path = HikeDetail.swift; sourceTree = "<group>"; };
		7615324829B63C0F008E6CDA /* HikeView.swift */ = {isa = PBXFileReference; fileEncoding = 4; lastKnownFileType = sourcecode.swift; path = HikeView.swift; sourceTree = "<group>"; };
		7615324E29B64225008E6CDA /* CategoryHome.swift */ = {isa = PBXFileReference; lastKnownFileType = sourcecode.swift; path = CategoryHome.swift; sourceTree = "<group>"; };
		7615325029B64321008E6CDA /* CategoryRow.swift */ = {isa = PBXFileReference; lastKnownFileType = sourcecode.swift; path = CategoryRow.swift; sourceTree = "<group>"; };
		76325CE229B5EA4100E20FA5 /* LandmarkRow.swift */ = {isa = PBXFileReference; lastKnownFileType = sourcecode.swift; path = LandmarkRow.swift; sourceTree = "<group>"; };
		7654C9BF29B6445E00F64E45 /* CategoryItem.swift */ = {isa = PBXFileReference; lastKnownFileType = sourcecode.swift; path = CategoryItem.swift; sourceTree = "<group>"; };
		7654C9C129B6492F00F64E45 /* Profile.swift */ = {isa = PBXFileReference; lastKnownFileType = sourcecode.swift; path = Profile.swift; sourceTree = "<group>"; };
		7654C9C329B6494600F64E45 /* ProfileHost.swift */ = {isa = PBXFileReference; lastKnownFileType = sourcecode.swift; path = ProfileHost.swift; sourceTree = "<group>"; };
		7654C9C529B6497200F64E45 /* ProfileSummary.swift */ = {isa = PBXFileReference; lastKnownFileType = sourcecode.swift; path = ProfileSummary.swift; sourceTree = "<group>"; };
		7654C9C729B649C700F64E45 /* HikeBadge.swift */ = {isa = PBXFileReference; lastKnownFileType = sourcecode.swift; path = HikeBadge.swift; sourceTree = "<group>"; };
		7654C9C929B64B5000F64E45 /* ProfileEditor.swift */ = {isa = PBXFileReference; lastKnownFileType = sourcecode.swift; path = ProfileEditor.swift; sourceTree = "<group>"; };
		765FC5D029B625DF001B3F3B /* FavoriteButton.swift */ = {isa = PBXFileReference; lastKnownFileType = sourcecode.swift; path = FavoriteButton.swift; sourceTree = "<group>"; };
		765FC5D429B63617001B3F3B /* Info.plist */ = {isa = PBXFileReference; lastKnownFileType = text.plist; path = Info.plist; sourceTree = "<group>"; };
		765FC5D529B636C2001B3F3B /* HexagonParameters.swift */ = {isa = PBXFileReference; lastKnownFileType = sourcecode.swift; path = HexagonParameters.swift; sourceTree = "<group>"; };
		765FC5D929B63747001B3F3B /* BadgeBackground.swift */ = {isa = PBXFileReference; lastKnownFileType = sourcecode.swift; path = BadgeBackground.swift; sourceTree = "<group>"; };
		765FC5DB29B638EE001B3F3B /* BadgeSymbol.swift */ = {isa = PBXFileReference; lastKnownFileType = sourcecode.swift; path = BadgeSymbol.swift; sourceTree = "<group>"; };
		765FC5DD29B6394E001B3F3B /* RotatedBadgeSymbol.swift */ = {isa = PBXFileReference; lastKnownFileType = sourcecode.swift; path = RotatedBadgeSymbol.swift; sourceTree = "<group>"; };
		765FC5DF29B63A63001B3F3B /* Badge.swift */ = {isa = PBXFileReference; lastKnownFileType = sourcecode.swift; path = Badge.swift; sourceTree = "<group>"; };
		767551CF29B5E742005D4AEB /* landmarkData.json */ = {isa = PBXFileReference; fileEncoding = 4; lastKnownFileType = text.json; path = landmarkData.json; sourceTree = "<group>"; };
		767551D129B5E7B1005D4AEB /* Landmark.swift */ = {isa = PBXFileReference; lastKnownFileType = sourcecode.swift; path = Landmark.swift; sourceTree = "<group>"; };
		767551D329B5E920005D4AEB /* ModelData.swift */ = {isa = PBXFileReference; lastKnownFileType = sourcecode.swift; path = ModelData.swift; sourceTree = "<group>"; };
		76853B3529B479B3009428DA /* Landmarks.app */ = {isa = PBXFileReference; explicitFileType = wrapper.application; includeInIndex = 0; path = Landmarks.app; sourceTree = BUILT_PRODUCTS_DIR; };
		76853B3829B479B3009428DA /* LandmarksApp.swift */ = {isa = PBXFileReference; lastKnownFileType = sourcecode.swift; path = LandmarksApp.swift; sourceTree = "<group>"; };
		76853B3A29B479B3009428DA /* ContentView.swift */ = {isa = PBXFileReference; lastKnownFileType = sourcecode.swift; path = ContentView.swift; sourceTree = "<group>"; };
		76853B3C29B479B5009428DA /* Assets.xcassets */ = {isa = PBXFileReference; lastKnownFileType = folder.assetcatalog; path = Assets.xcassets; sourceTree = "<group>"; };
		76853B3F29B479B5009428DA /* Preview Assets.xcassets */ = {isa = PBXFileReference; lastKnownFileType = folder.assetcatalog; path = "Preview Assets.xcassets"; sourceTree = "<group>"; };
		76853B4829B5E0F8009428DA /* CircleImage.swift */ = {isa = PBXFileReference; lastKnownFileType = sourcecode.swift; path = CircleImage.swift; sourceTree = "<group>"; };
		76853B4A29B5E1D2009428DA /* MapView.swift */ = {isa = PBXFileReference; lastKnownFileType = sourcecode.swift; path = MapView.swift; sourceTree = "<group>"; };
		76E597E229B5F56100DF0873 /* LandmarkList.swift */ = {isa = PBXFileReference; lastKnownFileType = sourcecode.swift; path = LandmarkList.swift; sourceTree = "<group>"; };
		76E597E429B5F5FF00DF0873 /* LandmarkDetail.swift */ = {isa = PBXFileReference; lastKnownFileType = sourcecode.swift; path = LandmarkDetail.swift; sourceTree = "<group>"; };
/* End PBXFileReference section */

/* Begin PBXFrameworksBuildPhase section */
		76853B3229B479B3009428DA /* Frameworks */ = {
			isa = PBXFrameworksBuildPhase;
			buildActionMask = 2147483647;
			files = (
			);
			runOnlyForDeploymentPostprocessing = 0;
		};
/* End PBXFrameworksBuildPhase section */

/* Begin PBXGroup section */
		7615324429B63C0F008E6CDA /* Hikes */ = {
			isa = PBXGroup;
			children = (
				7615324529B63C0F008E6CDA /* GraphCapsule.swift */,
				7615324629B63C0F008E6CDA /* HikeGraph.swift */,
				7615324729B63C0F008E6CDA /* HikeDetail.swift */,
				7615324829B63C0F008E6CDA /* HikeView.swift */,
				7654C9C729B649C700F64E45 /* HikeBadge.swift */,
			);
			path = Hikes;
			sourceTree = "<group>";
		};
		7615324D29B64208008E6CDA /* Categories */ = {
			isa = PBXGroup;
			children = (
				7615324E29B64225008E6CDA /* CategoryHome.swift */,
				7615325029B64321008E6CDA /* CategoryRow.swift */,
				7654C9BF29B6445E00F64E45 /* CategoryItem.swift */,
			);
			path = Categories;
			sourceTree = "<group>";
		};
		76325CDE29B5E9EC00E20FA5 /* Resources */ = {
			isa = PBXGroup;
			children = (
				767551CF29B5E742005D4AEB /* landmarkData.json */,
				7615324029B63B7E008E6CDA /* hikeData.json */,
			);
			path = Resources;
			sourceTree = "<group>";
		};
		76325CDF29B5E9F400E20FA5 /* Model */ = {
			isa = PBXGroup;
			children = (
				767551D329B5E920005D4AEB /* ModelData.swift */,
				767551D129B5E7B1005D4AEB /* Landmark.swift */,
				7615324229B63B9B008E6CDA /* Hike.swift */,
				7654C9C129B6492F00F64E45 /* Profile.swift */,
			);
			path = Model;
			sourceTree = "<group>";
		};
		76325CE029B5E9FA00E20FA5 /* Views */ = {
			isa = PBXGroup;
			children = (
				76853B3A29B479B3009428DA /* ContentView.swift */,
				7654C9CB29B64DFF00F64E45 /* Profiles */,
				7615324D29B64208008E6CDA /* Categories */,
				7615324429B63C0F008E6CDA /* Hikes */,
				765FC5D329B62B1B001B3F3B /* Landmarks */,
				765FC5E129B63B1E001B3F3B /* Badges */,
				765FC5D229B62B16001B3F3B /* Helpers */,
			);
			path = Views;
			sourceTree = "<group>";
		};
		7654C9CB29B64DFF00F64E45 /* Profiles */ = {
			isa = PBXGroup;
			children = (
				7654C9C329B6494600F64E45 /* ProfileHost.swift */,
				7654C9C529B6497200F64E45 /* ProfileSummary.swift */,
				7654C9C929B64B5000F64E45 /* ProfileEditor.swift */,
			);
			path = Profiles;
			sourceTree = "<group>";
		};
		765FC5D229B62B16001B3F3B /* Helpers */ = {
			isa = PBXGroup;
			children = (
				76853B4829B5E0F8009428DA /* CircleImage.swift */,
				76853B4A29B5E1D2009428DA /* MapView.swift */,
				765FC5D029B625DF001B3F3B /* FavoriteButton.swift */,
			);
			path = Helpers;
			sourceTree = "<group>";
		};
		765FC5D329B62B1B001B3F3B /* Landmarks */ = {
			isa = PBXGroup;
			children = (
				76E597E229B5F56100DF0873 /* LandmarkList.swift */,
				76325CE229B5EA4100E20FA5 /* LandmarkRow.swift */,
				76E597E429B5F5FF00DF0873 /* LandmarkDetail.swift */,
			);
			path = Landmarks;
			sourceTree = "<group>";
		};
		765FC5E129B63B1E001B3F3B /* Badges */ = {
			isa = PBXGroup;
			children = (
				765FC5D529B636C2001B3F3B /* HexagonParameters.swift */,
				765FC5D929B63747001B3F3B /* BadgeBackground.swift */,
				765FC5DB29B638EE001B3F3B /* BadgeSymbol.swift */,
				765FC5DD29B6394E001B3F3B /* RotatedBadgeSymbol.swift */,
				765FC5DF29B63A63001B3F3B /* Badge.swift */,
			);
			path = Badges;
			sourceTree = "<group>";
		};
		76853B2C29B479B3009428DA = {
			isa = PBXGroup;
			children = (
				76853B3729B479B3009428DA /* Landmarks */,
				76853B3629B479B3009428DA /* Products */,
			);
			sourceTree = "<group>";
		};
		76853B3629B479B3009428DA /* Products */ = {
			isa = PBXGroup;
			children = (
				76853B3529B479B3009428DA /* Landmarks.app */,
			);
			name = Products;
			sourceTree = "<group>";
		};
		76853B3729B479B3009428DA /* Landmarks */ = {
			isa = PBXGroup;
			children = (
				765FC5D429B63617001B3F3B /* Info.plist */,
				76853B3829B479B3009428DA /* LandmarksApp.swift */,
				76325CE029B5E9FA00E20FA5 /* Views */,
				76325CDF29B5E9F400E20FA5 /* Model */,
				76325CDE29B5E9EC00E20FA5 /* Resources */,
				76853B3C29B479B5009428DA /* Assets.xcassets */,
				76853B3E29B479B5009428DA /* Preview Content */,
			);
			path = Landmarks;
			sourceTree = "<group>";
		};
		76853B3E29B479B5009428DA /* Preview Content */ = {
			isa = PBXGroup;
			children = (
				76853B3F29B479B5009428DA /* Preview Assets.xcassets */,
			);
			path = "Preview Content";
			sourceTree = "<group>";
		};
/* End PBXGroup section */

/* Begin PBXNativeTarget section */
		76853B3429B479B3009428DA /* Landmarks */ = {
			isa = PBXNativeTarget;
			buildConfigurationList = 76853B4329B479B5009428DA /* Build configuration list for PBXNativeTarget "Landmarks" */;
			buildPhases = (
				76853B3129B479B3009428DA /* Sources */,
				76853B3229B479B3009428DA /* Frameworks */,
				76853B3329B479B3009428DA /* Resources */,
			);
			buildRules = (
			);
			dependencies = (
			);
			name = Landmarks;
			productName = Landmarks;
			productReference = 76853B3529B479B3009428DA /* Landmarks.app */;
			productType = "com.apple.product-type.application";
		};
/* End PBXNativeTarget section */

/* Begin PBXProject section */
		76853B2D29B479B3009428DA /* Project object */ = {
			isa = PBXProject;
			attributes = {
				BuildIndependentTargetsInParallel = 1;
				LastSwiftUpdateCheck = 1420;
				LastUpgradeCheck = 1420;
				TargetAttributes = {
					76853B3429B479B3009428DA = {
						CreatedOnToolsVersion = 14.2;
					};
				};
			};
			buildConfigurationList = 76853B3029B479B3009428DA /* Build configuration list for PBXProject "Landmarks" */;
			compatibilityVersion = "Xcode 14.0";
			developmentRegion = en;
			hasScannedForEncodings = 0;
			knownRegions = (
				en,
				Base,
			);
			mainGroup = 76853B2C29B479B3009428DA;
			productRefGroup = 76853B3629B479B3009428DA /* Products */;
			projectDirPath = "";
			projectRoot = "";
			targets = (
				76853B3429B479B3009428DA /* Landmarks */,
			);
		};
/* End PBXProject section */

/* Begin PBXResourcesBuildPhase section */
		76853B3329B479B3009428DA /* Resources */ = {
			isa = PBXResourcesBuildPhase;
			buildActionMask = 2147483647;
			files = (
				7615324129B63B7E008E6CDA /* hikeData.json in Resources */,
				76853B4029B479B5009428DA /* Preview Assets.xcassets in Resources */,
				76853B3D29B479B5009428DA /* Assets.xcassets in Resources */,
				767551D029B5E742005D4AEB /* landmarkData.json in Resources */,
			);
			runOnlyForDeploymentPostprocessing = 0;
		};
/* End PBXResourcesBuildPhase section */

/* Begin PBXSourcesBuildPhase section */
		76853B3129B479B3009428DA /* Sources */ = {
			isa = PBXSourcesBuildPhase;
			buildActionMask = 2147483647;
			files = (
				7615325129B64321008E6CDA /* CategoryRow.swift in Sources */,
				7654C9C229B6492F00F64E45 /* Profile.swift in Sources */,
				76853B3B29B479B3009428DA /* ContentView.swift in Sources */,
				7615324F29B64225008E6CDA /* CategoryHome.swift in Sources */,
				7615324A29B63C0F008E6CDA /* HikeGraph.swift in Sources */,
				765FC5E029B63A63001B3F3B /* Badge.swift in Sources */,
				76853B4B29B5E1D2009428DA /* MapView.swift in Sources */,
				7615324929B63C0F008E6CDA /* GraphCapsule.swift in Sources */,
				76853B3929B479B3009428DA /* LandmarksApp.swift in Sources */,
				765FC5D129B625DF001B3F3B /* FavoriteButton.swift in Sources */,
				7654C9C029B6445E00F64E45 /* CategoryItem.swift in Sources */,
				7615324B29B63C0F008E6CDA /* HikeDetail.swift in Sources */,
				7654C9C629B6497200F64E45 /* ProfileSummary.swift in Sources */,
				765FC5D629B636C2001B3F3B /* HexagonParameters.swift in Sources */,
				7654C9C429B6494600F64E45 /* ProfileHost.swift in Sources */,
				7615324329B63B9B008E6CDA /* Hike.swift in Sources */,
				765FC5DE29B6394E001B3F3B /* RotatedBadgeSymbol.swift in Sources */,
				765FC5DC29B638EE001B3F3B /* BadgeSymbol.swift in Sources */,
				7654C9CA29B64B5000F64E45 /* ProfileEditor.swift in Sources */,
				76E597E329B5F56100DF0873 /* LandmarkList.swift in Sources */,
				7615324C29B63C0F008E6CDA /* HikeView.swift in Sources */,
				76E597E529B5F5FF00DF0873 /* LandmarkDetail.swift in Sources */,
				765FC5DA29B63747001B3F3B /* BadgeBackground.swift in Sources */,
				7654C9C829B649C700F64E45 /* HikeBadge.swift in Sources */,
				76853B4929B5E0F8009428DA /* CircleImage.swift in Sources */,
				767551D229B5E7B1005D4AEB /* Landmark.swift in Sources */,
				76325CE329B5EA4100E20FA5 /* LandmarkRow.swift in Sources */,
				767551D429B5E920005D4AEB /* ModelData.swift in Sources */,
			);
			runOnlyForDeploymentPostprocessing = 0;
		};
/* End PBXSourcesBuildPhase section */

/* Begin XCBuildConfiguration section */
		76853B4129B479B5009428DA /* Debug */ = {
			isa = XCBuildConfiguration;
			buildSettings = {
				ALWAYS_SEARCH_USER_PATHS = NO;
				CLANG_ANALYZER_NONNULL = YES;
				CLANG_ANALYZER_NUMBER_OBJECT_CONVERSION = YES_AGGRESSIVE;
				CLANG_CXX_LANGUAGE_STANDARD = "gnu++20";
				CLANG_ENABLE_MODULES = YES;
				CLANG_ENABLE_OBJC_ARC = YES;
				CLANG_ENABLE_OBJC_WEAK = YES;
				CLANG_WARN_BLOCK_CAPTURE_AUTORELEASING = YES;
				CLANG_WARN_BOOL_CONVERSION = YES;
				CLANG_WARN_COMMA = YES;
				CLANG_WARN_CONSTANT_CONVERSION = YES;
				CLANG_WARN_DEPRECATED_OBJC_IMPLEMENTATIONS = YES;
				CLANG_WARN_DIRECT_OBJC_ISA_USAGE = YES_ERROR;
				CLANG_WARN_DOCUMENTATION_COMMENTS = YES;
				CLANG_WARN_EMPTY_BODY = YES;
				CLANG_WARN_ENUM_CONVERSION = YES;
				CLANG_WARN_INFINITE_RECURSION = YES;
				CLANG_WARN_INT_CONVERSION = YES;
				CLANG_WARN_NON_LITERAL_NULL_CONVERSION = YES;
				CLANG_WARN_OBJC_IMPLICIT_RETAIN_SELF = YES;
				CLANG_WARN_OBJC_LITERAL_CONVERSION = YES;
				CLANG_WARN_OBJC_ROOT_CLASS = YES_ERROR;
				CLANG_WARN_QUOTED_INCLUDE_IN_FRAMEWORK_HEADER = YES;
				CLANG_WARN_RANGE_LOOP_ANALYSIS = YES;
				CLANG_WARN_STRICT_PROTOTYPES = YES;
				CLANG_WARN_SUSPICIOUS_MOVE = YES;
				CLANG_WARN_UNGUARDED_AVAILABILITY = YES_AGGRESSIVE;
				CLANG_WARN_UNREACHABLE_CODE = YES;
				CLANG_WARN__DUPLICATE_METHOD_MATCH = YES;
				COPY_PHASE_STRIP = NO;
				DEBUG_INFORMATION_FORMAT = dwarf;
				ENABLE_STRICT_OBJC_MSGSEND = YES;
				ENABLE_TESTABILITY = YES;
				GCC_C_LANGUAGE_STANDARD = gnu11;
				GCC_DYNAMIC_NO_PIC = NO;
				GCC_NO_COMMON_BLOCKS = YES;
				GCC_OPTIMIZATION_LEVEL = 0;
				GCC_PREPROCESSOR_DEFINITIONS = (
					"DEBUG=1",
					"$(inherited)",
				);
				GCC_WARN_64_TO_32_BIT_CONVERSION = YES;
				GCC_WARN_ABOUT_RETURN_TYPE = YES_ERROR;
				GCC_WARN_UNDECLARED_SELECTOR = YES;
				GCC_WARN_UNINITIALIZED_AUTOS = YES_AGGRESSIVE;
				GCC_WARN_UNUSED_FUNCTION = YES;
				GCC_WARN_UNUSED_VARIABLE = YES;
				IPHONEOS_DEPLOYMENT_TARGET = 16.2;
				MTL_ENABLE_DEBUG_INFO = INCLUDE_SOURCE;
				MTL_FAST_MATH = YES;
				ONLY_ACTIVE_ARCH = YES;
				SDKROOT = iphoneos;
				SWIFT_ACTIVE_COMPILATION_CONDITIONS = DEBUG;
				SWIFT_OPTIMIZATION_LEVEL = "-Onone";
			};
			name = Debug;
		};
		76853B4229B479B5009428DA /* Release */ = {
			isa = XCBuildConfiguration;
			buildSettings = {
				ALWAYS_SEARCH_USER_PATHS = NO;
				CLANG_ANALYZER_NONNULL = YES;
				CLANG_ANALYZER_NUMBER_OBJECT_CONVERSION = YES_AGGRESSIVE;
				CLANG_CXX_LANGUAGE_STANDARD = "gnu++20";
				CLANG_ENABLE_MODULES = YES;
				CLANG_ENABLE_OBJC_ARC = YES;
				CLANG_ENABLE_OBJC_WEAK = YES;
				CLANG_WARN_BLOCK_CAPTURE_AUTORELEASING = YES;
				CLANG_WARN_BOOL_CONVERSION = YES;
				CLANG_WARN_COMMA = YES;
				CLANG_WARN_CONSTANT_CONVERSION = YES;
				CLANG_WARN_DEPRECATED_OBJC_IMPLEMENTATIONS = YES;
				CLANG_WARN_DIRECT_OBJC_ISA_USAGE = YES_ERROR;
				CLANG_WARN_DOCUMENTATION_COMMENTS = YES;
				CLANG_WARN_EMPTY_BODY = YES;
				CLANG_WARN_ENUM_CONVERSION = YES;
				CLANG_WARN_INFINITE_RECURSION = YES;
				CLANG_WARN_INT_CONVERSION = YES;
				CLANG_WARN_NON_LITERAL_NULL_CONVERSION = YES;
				CLANG_WARN_OBJC_IMPLICIT_RETAIN_SELF = YES;
				CLANG_WARN_OBJC_LITERAL_CONVERSION = YES;
				CLANG_WARN_OBJC_ROOT_CLASS = YES_ERROR;
				CLANG_WARN_QUOTED_INCLUDE_IN_FRAMEWORK_HEADER = YES;
				CLANG_WARN_RANGE_LOOP_ANALYSIS = YES;
				CLANG_WARN_STRICT_PROTOTYPES = YES;
				CLANG_WARN_SUSPICIOUS_MOVE = YES;
				CLANG_WARN_UNGUARDED_AVAILABILITY = YES_AGGRESSIVE;
				CLANG_WARN_UNREACHABLE_CODE = YES;
				CLANG_WARN__DUPLICATE_METHOD_MATCH = YES;
				COPY_PHASE_STRIP = NO;
				DEBUG_INFORMATION_FORMAT = "dwarf-with-dsym";
				ENABLE_NS_ASSERTIONS = NO;
				ENABLE_STRICT_OBJC_MSGSEND = YES;
				GCC_C_LANGUAGE_STANDARD = gnu11;
				GCC_NO_COMMON_BLOCKS = YES;
				GCC_WARN_64_TO_32_BIT_CONVERSION = YES;
				GCC_WARN_ABOUT_RETURN_TYPE = YES_ERROR;
				GCC_WARN_UNDECLARED_SELECTOR = YES;
				GCC_WARN_UNINITIALIZED_AUTOS = YES_AGGRESSIVE;
				GCC_WARN_UNUSED_FUNCTION = YES;
				GCC_WARN_UNUSED_VARIABLE = YES;
				IPHONEOS_DEPLOYMENT_TARGET = 16.2;
				MTL_ENABLE_DEBUG_INFO = NO;
				MTL_FAST_MATH = YES;
				SDKROOT = iphoneos;
				SWIFT_COMPILATION_MODE = wholemodule;
				SWIFT_OPTIMIZATION_LEVEL = "-O";
				VALIDATE_PRODUCT = YES;
			};
			name = Release;
		};
		76853B4429B479B5009428DA /* Debug */ = {
			isa = XCBuildConfiguration;
			buildSettings = {
				ASSETCATALOG_COMPILER_APPICON_NAME = AppIcon;
				ASSETCATALOG_COMPILER_GLOBAL_ACCENT_COLOR_NAME = AccentColor;
				CODE_SIGN_STYLE = Automatic;
				CURRENT_PROJECT_VERSION = 1;
				DEVELOPMENT_ASSET_PATHS = "\"Landmarks/Preview Content\"";
				ENABLE_PREVIEWS = YES;
				GENERATE_INFOPLIST_FILE = YES;
				INFOPLIST_FILE = Landmarks/Info.plist;
				INFOPLIST_KEY_UIApplicationSupportsIndirectInputEvents = YES;
				INFOPLIST_KEY_UILaunchScreen_Generation = YES;
				INFOPLIST_KEY_UISupportedInterfaceOrientations_iPad = "UIInterfaceOrientationPortrait UIInterfaceOrientationPortraitUpsideDown UIInterfaceOrientationLandscapeLeft UIInterfaceOrientationLandscapeRight";
				INFOPLIST_KEY_UISupportedInterfaceOrientations_iPhone = "UIInterfaceOrientationPortrait UIInterfaceOrientationLandscapeLeft UIInterfaceOrientationLandscapeRight";
				LD_RUNPATH_SEARCH_PATHS = (
					"$(inherited)",
					"@executable_path/Frameworks",
				);
				MARKETING_VERSION = 1.0;
				PRODUCT_BUNDLE_IDENTIFIER = net.bonf.Landmarks.Landmarks;
				PRODUCT_NAME = "$(TARGET_NAME)";
				SWIFT_EMIT_LOC_STRINGS = YES;
				SWIFT_VERSION = 5.0;
				TARGETED_DEVICE_FAMILY = "1,2";
			};
			name = Debug;
		};
		76853B4529B479B5009428DA /* Release */ = {
			isa = XCBuildConfiguration;
			buildSettings = {
				ASSETCATALOG_COMPILER_APPICON_NAME = AppIcon;
				ASSETCATALOG_COMPILER_GLOBAL_ACCENT_COLOR_NAME = AccentColor;
				CODE_SIGN_STYLE = Automatic;
				CURRENT_PROJECT_VERSION = 1;
				DEVELOPMENT_ASSET_PATHS = "\"Landmarks/Preview Content\"";
				ENABLE_PREVIEWS = YES;
				GENERATE_INFOPLIST_FILE = YES;
				INFOPLIST_FILE = Landmarks/Info.plist;
				INFOPLIST_KEY_UIApplicationSupportsIndirectInputEvents = YES;
				INFOPLIST_KEY_UILaunchScreen_Generation = YES;
				INFOPLIST_KEY_UISupportedInterfaceOrientations_iPad = "UIInterfaceOrientationPortrait UIInterfaceOrientationPortraitUpsideDown UIInterfaceOrientationLandscapeLeft UIInterfaceOrientationLandscapeRight";
				INFOPLIST_KEY_UISupportedInterfaceOrientations_iPhone = "UIInterfaceOrientationPortrait UIInterfaceOrientationLandscapeLeft UIInterfaceOrientationLandscapeRight";
				LD_RUNPATH_SEARCH_PATHS = (
					"$(inherited)",
					"@executable_path/Frameworks",
				);
				MARKETING_VERSION = 1.0;
				PRODUCT_BUNDLE_IDENTIFIER = net.bonf.Landmarks.Landmarks;
				PRODUCT_NAME = "$(TARGET_NAME)";
				SWIFT_EMIT_LOC_STRINGS = YES;
				SWIFT_VERSION = 5.0;
				TARGETED_DEVICE_FAMILY = "1,2";
			};
			name = Release;
		};
/* End XCBuildConfiguration section */

/* Begin XCConfigurationList section */
		76853B3029B479B3009428DA /* Build configuration list for PBXProject "Landmarks" */ = {
			isa = XCConfigurationList;
			buildConfigurations = (
				76853B4129B479B5009428DA /* Debug */,
				76853B4229B479B5009428DA /* Release */,
			);
			defaultConfigurationIsVisible = 0;
			defaultConfigurationName = Release;
		};
		76853B4329B479B5009428DA /* Build configuration list for PBXNativeTarget "Landmarks" */ = {
			isa = XCConfigurationList;
			buildConfigurations = (
				76853B4429B479B5009428DA /* Debug */,
				76853B4529B479B5009428DA /* Release */,
			);
			defaultConfigurationIsVisible = 0;
			defaultConfigurationName = Release;
		};
/* End XCConfigurationList section */
	};
	rootObject = 76853B2D29B479B3009428DA /* Project object */;
}
